
Microsoft Visual Studio Solution File, Format Version 12.00
# Visual Studio Version 17
VisualStudioVersion = 17.7.34024.191
MinimumVisualStudioVersion = 10.0.40219.1
Project("{FAE04EC0-301F-11D3-BF4B-00C04F79EFBC}") = "Uppgift 4.10 inl", "Uppgift 4.10 inl\Uppgift 4.10 inl.csproj", "{939850CF-967F-4E5D-B655-2A2F2AA92C78}"
EndProject
Global
	GlobalSection(SolutionConfigurationPlatforms) = preSolution
		Debug|Any CPU = Debug|Any CPU
		Release|Any CPU = Release|Any CPU
	EndGlobalSection
	GlobalSection(ProjectConfigurationPlatforms) = postSolution
		{939850CF-967F-4E5D-B655-2A2F2AA92C78}.Debug|Any CPU.ActiveCfg = Debug|Any CPU
		{939850CF-967F-4E5D-B655-2A2F2AA92C78}.Debug|Any CPU.Build.0 = Debug|Any CPU
		{939850CF-967F-4E5D-B655-2A2F2AA92C78}.Release|Any CPU.ActiveCfg = Release|Any CPU
		{939850CF-967F-4E5D-B655-2A2F2AA92C78}.Release|Any CPU.Build.0 = Release|Any CPU
	EndGlobalSection
	GlobalSection(SolutionProperties) = preSolution
		HideSolutionNode = FALSE
	EndGlobalSection
	GlobalSection(ExtensibilityGlobals) = postSolution
		SolutionGuid = {663D1C32-25CF-46B0-A311-11FA4ACF4C1D}
	EndGlobalSection
EndGlobal
